
Microsoft Visual Studio Solution File, Format Version 12.00
# Visual Studio Version 16
VisualStudioVersion = 16.0.31129.286
MinimumVisualStudioVersion = 10.0.40219.1
Project("{FAE04EC0-301F-11D3-BF4B-00C04F79EFBC}") = "NeosMotionBlurOverride", "NeosMotionBlurOverride\NeosMotionBlurOverride.csproj", "{E2EFD379-1AEB-4C36-93A5-480193895640}"
EndProject
Global
	GlobalSection(SolutionConfigurationPlatforms) = preSolution
		Debug|Any CPU = Debug|Any CPU
		Release|Any CPU = Release|Any CPU
	EndGlobalSection
	GlobalSection(ProjectConfigurationPlatforms) = postSolution
		{E2EFD379-1AEB-4C36-93A5-480193895640}.Debug|Any CPU.ActiveCfg = Debug|Any CPU
		{E2EFD379-1AEB-4C36-93A5-480193895640}.Debug|Any CPU.Build.0 = Debug|Any CPU
		{E2EFD379-1AEB-4C36-93A5-480193895640}.Release|Any CPU.ActiveCfg = Release|Any CPU
		{E2EFD379-1AEB-4C36-93A5-480193895640}.Release|Any CPU.Build.0 = Release|Any CPU
	EndGlobalSection
	GlobalSection(SolutionProperties) = preSolution
		HideSolutionNode = FALSE
	EndGlobalSection
	GlobalSection(ExtensibilityGlobals) = postSolution
		SolutionGuid = {CE1D29B9-B7D1-45EE-B5E3-FAEBD03CAAA5}
	EndGlobalSection
EndGlobal
